
Microsoft Visual Studio Solution File, Format Version 11.00
# Visual Studio 2010
Project("{FAE04EC0-301F-11D3-BF4B-00C04F79EFBC}") = "Stormbreaker", "Stormbreaker\Stormbreaker.csproj", "{8754711B-B701-4C3D-A133-A07CBF0E4AD9}"
EndProject
Project("{2150E333-8FDC-42A3-9474-1A3956D46DE8}") = "Solution Items", "Solution Items", "{72CDE90C-23AE-45E2-B62D-185446CEE4C3}"
	ProjectSection(SolutionItems) = preProject
		..\..\README = ..\..\README
		NuGet\stormbreaker.nuspec = NuGet\stormbreaker.nuspec
		NuGet\content\web.config.transform = NuGet\content\web.config.transform
	EndProjectSection
EndProject
Project("{2150E333-8FDC-42A3-9474-1A3956D46DE8}") = "Areas", "Areas", "{07100C53-8172-4CA4-86DE-26B5B7DC1D4B}"
EndProject
Project("{FAE04EC0-301F-11D3-BF4B-00C04F79EFBC}") = "Stormbreaker.Test", "Stormbreaker.Test\Stormbreaker.Test.csproj", "{737B5DDB-98F3-4A3C-BAFE-FD7C17EDF971}"
EndProject
Project("{FAE04EC0-301F-11D3-BF4B-00C04F79EFBC}") = "Stormbreaker.Example", "Stormbreaker.Example\Stormbreaker.Example.csproj", "{406F9BC9-3CEC-4E55-A42A-8260E55CB320}"
EndProject
Project("{FAE04EC0-301F-11D3-BF4B-00C04F79EFBC}") = "Dashboard", "Stormbreaker.Example\Areas\Dashboard\Dashboard.csproj", "{8AE6F10A-FE0E-4F50-A462-FFDFF887A899}"
EndProject
Project("{FAE04EC0-301F-11D3-BF4B-00C04F79EFBC}") = "Stormbreaker.Raven", "Stormbreaker.Raven\Stormbreaker.Raven.csproj", "{8D54D921-A74D-4B26-97A3-E79B5ECF9F89}"
EndProject
Project("{FAE04EC0-301F-11D3-BF4B-00C04F79EFBC}") = "Stormbreaker.RavenDBMembership", "Stormbreaker.RavenDBMembership\Stormbreaker.RavenDBMembership.csproj", "{B863F5CD-8578-43F3-B220-070EB1ED65F2}"
EndProject
Global
	GlobalSection(SolutionConfigurationPlatforms) = preSolution
		Debug|Any CPU = Debug|Any CPU
		Release|Any CPU = Release|Any CPU
	EndGlobalSection
	GlobalSection(ProjectConfigurationPlatforms) = postSolution
		{8754711B-B701-4C3D-A133-A07CBF0E4AD9}.Debug|Any CPU.ActiveCfg = Debug|Any CPU
		{8754711B-B701-4C3D-A133-A07CBF0E4AD9}.Debug|Any CPU.Build.0 = Debug|Any CPU
		{8754711B-B701-4C3D-A133-A07CBF0E4AD9}.Release|Any CPU.ActiveCfg = Release|Any CPU
		{8754711B-B701-4C3D-A133-A07CBF0E4AD9}.Release|Any CPU.Build.0 = Release|Any CPU
		{737B5DDB-98F3-4A3C-BAFE-FD7C17EDF971}.Debug|Any CPU.ActiveCfg = Debug|Any CPU
		{737B5DDB-98F3-4A3C-BAFE-FD7C17EDF971}.Debug|Any CPU.Build.0 = Debug|Any CPU
		{737B5DDB-98F3-4A3C-BAFE-FD7C17EDF971}.Release|Any CPU.ActiveCfg = Release|Any CPU
		{737B5DDB-98F3-4A3C-BAFE-FD7C17EDF971}.Release|Any CPU.Build.0 = Release|Any CPU
		{406F9BC9-3CEC-4E55-A42A-8260E55CB320}.Debug|Any CPU.ActiveCfg = Debug|Any CPU
		{406F9BC9-3CEC-4E55-A42A-8260E55CB320}.Debug|Any CPU.Build.0 = Debug|Any CPU
		{406F9BC9-3CEC-4E55-A42A-8260E55CB320}.Release|Any CPU.ActiveCfg = Release|Any CPU
		{406F9BC9-3CEC-4E55-A42A-8260E55CB320}.Release|Any CPU.Build.0 = Release|Any CPU
		{8AE6F10A-FE0E-4F50-A462-FFDFF887A899}.Debug|Any CPU.ActiveCfg = Debug|Any CPU
		{8AE6F10A-FE0E-4F50-A462-FFDFF887A899}.Debug|Any CPU.Build.0 = Debug|Any CPU
		{8AE6F10A-FE0E-4F50-A462-FFDFF887A899}.Release|Any CPU.ActiveCfg = Release|Any CPU
		{8AE6F10A-FE0E-4F50-A462-FFDFF887A899}.Release|Any CPU.Build.0 = Release|Any CPU
		{8D54D921-A74D-4B26-97A3-E79B5ECF9F89}.Debug|Any CPU.ActiveCfg = Debug|Any CPU
		{8D54D921-A74D-4B26-97A3-E79B5ECF9F89}.Debug|Any CPU.Build.0 = Debug|Any CPU
		{8D54D921-A74D-4B26-97A3-E79B5ECF9F89}.Release|Any CPU.ActiveCfg = Release|Any CPU
		{8D54D921-A74D-4B26-97A3-E79B5ECF9F89}.Release|Any CPU.Build.0 = Release|Any CPU
		{B863F5CD-8578-43F3-B220-070EB1ED65F2}.Debug|Any CPU.ActiveCfg = Debug|Any CPU
		{B863F5CD-8578-43F3-B220-070EB1ED65F2}.Debug|Any CPU.Build.0 = Debug|Any CPU
		{B863F5CD-8578-43F3-B220-070EB1ED65F2}.Release|Any CPU.ActiveCfg = Release|Any CPU
		{B863F5CD-8578-43F3-B220-070EB1ED65F2}.Release|Any CPU.Build.0 = Release|Any CPU
	EndGlobalSection
	GlobalSection(SolutionProperties) = preSolution
		HideSolutionNode = FALSE
	EndGlobalSection
	GlobalSection(NestedProjects) = preSolution
		{8AE6F10A-FE0E-4F50-A462-FFDFF887A899} = {07100C53-8172-4CA4-86DE-26B5B7DC1D4B}
	EndGlobalSection
EndGlobal
