
Microsoft Visual Studio Solution File, Format Version 11.00
# Visual Studio 2010
Project("{2150E333-8FDC-42A3-9474-1A3956D46DE8}") = "Solution Items", "Solution Items", "{72CDE90C-23AE-45E2-B62D-185446CEE4C3}"
	ProjectSection(SolutionItems) = preProject
		BrickPile-Sample.nuspec = BrickPile-Sample.nuspec
		BrickPile.nuspec = BrickPile.nuspec
		..\..\build.xml = ..\..\build.xml
		..\..\README.md = ..\..\README.md
		NuGet\content\web.config.transform = NuGet\content\web.config.transform
	EndProjectSection
EndProject
Project("{2150E333-8FDC-42A3-9474-1A3956D46DE8}") = "Areas", "Areas", "{07100C53-8172-4CA4-86DE-26B5B7DC1D4B}"
EndProject
Project("{FAE04EC0-301F-11D3-BF4B-00C04F79EFBC}") = "BrickPile.Core", "BrickPile.Core\BrickPile.Core.csproj", "{6D6BC9A5-DA23-402F-AFED-6B72BF8EAD58}"
EndProject
Project("{FAE04EC0-301F-11D3-BF4B-00C04F79EFBC}") = "BrickPile.Domain", "BrickPile.Domain\BrickPile.Domain.csproj", "{827F415E-59D8-4F6A-B47A-1F345A790F5E}"
EndProject
Project("{FAE04EC0-301F-11D3-BF4B-00C04F79EFBC}") = "BrickPile.Sample", "BrickPile.Sample\BrickPile.Sample.csproj", "{AF8C6C4A-4559-422E-BFAA-901A05265D27}"
EndProject
Project("{FAE04EC0-301F-11D3-BF4B-00C04F79EFBC}") = "BrickPile.UI", "BrickPile.Sample\Areas\BrickPile.UI\BrickPile.UI.csproj", "{9CE32587-7C80-469C-A26F-AE51B6898F9A}"
EndProject
Project("{FAE04EC0-301F-11D3-BF4B-00C04F79EFBC}") = "BrickPile.Tests", "BrickPile.Tests\BrickPile.Tests.csproj", "{8A4A3892-2EE2-4CF4-A26F-753A86656A05}"
EndProject
Project("{FAE04EC0-301F-11D3-BF4B-00C04F79EFBC}") = "BrickPile.Raven.Plugins", "BrickPile.Raven.Plugins\BrickPile.Raven.Plugins.csproj", "{2AE5D6EC-35D2-46CC-9C56-02CA8307ACBB}"
EndProject
Project("{FAE04EC0-301F-11D3-BF4B-00C04F79EFBC}") = "BrickPile.Docs", "BrickPile.Docs\BrickPile.Docs.csproj", "{BD11B4D2-874A-406F-9646-B7CE7382C0B8}"
EndProject
Global
	GlobalSection(SolutionConfigurationPlatforms) = preSolution
		Debug|Any CPU = Debug|Any CPU
		Release|Any CPU = Release|Any CPU
	EndGlobalSection
	GlobalSection(ProjectConfigurationPlatforms) = postSolution
		{6D6BC9A5-DA23-402F-AFED-6B72BF8EAD58}.Debug|Any CPU.ActiveCfg = Debug|Any CPU
		{6D6BC9A5-DA23-402F-AFED-6B72BF8EAD58}.Debug|Any CPU.Build.0 = Debug|Any CPU
		{6D6BC9A5-DA23-402F-AFED-6B72BF8EAD58}.Release|Any CPU.ActiveCfg = Release|Any CPU
		{6D6BC9A5-DA23-402F-AFED-6B72BF8EAD58}.Release|Any CPU.Build.0 = Release|Any CPU
		{827F415E-59D8-4F6A-B47A-1F345A790F5E}.Debug|Any CPU.ActiveCfg = Debug|Any CPU
		{827F415E-59D8-4F6A-B47A-1F345A790F5E}.Debug|Any CPU.Build.0 = Debug|Any CPU
		{827F415E-59D8-4F6A-B47A-1F345A790F5E}.Release|Any CPU.ActiveCfg = Release|Any CPU
		{827F415E-59D8-4F6A-B47A-1F345A790F5E}.Release|Any CPU.Build.0 = Release|Any CPU
		{AF8C6C4A-4559-422E-BFAA-901A05265D27}.Debug|Any CPU.ActiveCfg = Debug|Any CPU
		{AF8C6C4A-4559-422E-BFAA-901A05265D27}.Debug|Any CPU.Build.0 = Debug|Any CPU
		{AF8C6C4A-4559-422E-BFAA-901A05265D27}.Release|Any CPU.ActiveCfg = Release|Any CPU
		{AF8C6C4A-4559-422E-BFAA-901A05265D27}.Release|Any CPU.Build.0 = Release|Any CPU
		{9CE32587-7C80-469C-A26F-AE51B6898F9A}.Debug|Any CPU.ActiveCfg = Debug|Any CPU
		{9CE32587-7C80-469C-A26F-AE51B6898F9A}.Debug|Any CPU.Build.0 = Debug|Any CPU
		{9CE32587-7C80-469C-A26F-AE51B6898F9A}.Release|Any CPU.ActiveCfg = Release|Any CPU
		{9CE32587-7C80-469C-A26F-AE51B6898F9A}.Release|Any CPU.Build.0 = Release|Any CPU
		{8A4A3892-2EE2-4CF4-A26F-753A86656A05}.Debug|Any CPU.ActiveCfg = Debug|Any CPU
		{8A4A3892-2EE2-4CF4-A26F-753A86656A05}.Debug|Any CPU.Build.0 = Debug|Any CPU
		{8A4A3892-2EE2-4CF4-A26F-753A86656A05}.Release|Any CPU.ActiveCfg = Release|Any CPU
		{8A4A3892-2EE2-4CF4-A26F-753A86656A05}.Release|Any CPU.Build.0 = Release|Any CPU
		{2AE5D6EC-35D2-46CC-9C56-02CA8307ACBB}.Debug|Any CPU.ActiveCfg = Debug|Any CPU
		{2AE5D6EC-35D2-46CC-9C56-02CA8307ACBB}.Debug|Any CPU.Build.0 = Debug|Any CPU
		{2AE5D6EC-35D2-46CC-9C56-02CA8307ACBB}.Release|Any CPU.ActiveCfg = Release|Any CPU
		{2AE5D6EC-35D2-46CC-9C56-02CA8307ACBB}.Release|Any CPU.Build.0 = Release|Any CPU
		{BD11B4D2-874A-406F-9646-B7CE7382C0B8}.Debug|Any CPU.ActiveCfg = Debug|Any CPU
		{BD11B4D2-874A-406F-9646-B7CE7382C0B8}.Debug|Any CPU.Build.0 = Debug|Any CPU
		{BD11B4D2-874A-406F-9646-B7CE7382C0B8}.Release|Any CPU.ActiveCfg = Release|Any CPU
		{BD11B4D2-874A-406F-9646-B7CE7382C0B8}.Release|Any CPU.Build.0 = Release|Any CPU
	EndGlobalSection
	GlobalSection(SolutionProperties) = preSolution
		HideSolutionNode = FALSE
	EndGlobalSection
	GlobalSection(NestedProjects) = preSolution
		{9CE32587-7C80-469C-A26F-AE51B6898F9A} = {07100C53-8172-4CA4-86DE-26B5B7DC1D4B}
	EndGlobalSection
EndGlobal
