
Microsoft Visual Studio Solution File, Format Version 11.00
# Visual Studio 2010
Project("{2150E333-8FDC-42A3-9474-1A3956D46DE8}") = "Solution Items", "Solution Items", "{72CDE90C-23AE-45E2-B62D-185446CEE4C3}"
	ProjectSection(SolutionItems) = preProject
		BrickPile-AmazonS3.nuspec = BrickPile-AmazonS3.nuspec
		BrickPile-Sample.nuspec = BrickPile-Sample.nuspec
		BrickPile.nuspec = BrickPile.nuspec
		..\..\build.xml = ..\..\build.xml
		NuGet\content\web.config.transform = NuGet\content\web.config.transform
	EndProjectSection
EndProject
Project("{2150E333-8FDC-42A3-9474-1A3956D46DE8}") = "Areas", "Areas", "{07100C53-8172-4CA4-86DE-26B5B7DC1D4B}"
EndProject
Project("{FAE04EC0-301F-11D3-BF4B-00C04F79EFBC}") = "BrickPile.Core", "BrickPile.Core\BrickPile.Core.csproj", "{6D6BC9A5-DA23-402F-AFED-6B72BF8EAD58}"
EndProject
Project("{FAE04EC0-301F-11D3-BF4B-00C04F79EFBC}") = "BrickPile.Domain", "BrickPile.Domain\BrickPile.Domain.csproj", "{827F415E-59D8-4F6A-B47A-1F345A790F5E}"
EndProject
Project("{FAE04EC0-301F-11D3-BF4B-00C04F79EFBC}") = "BrickPile.Tests", "BrickPile.Tests\BrickPile.Tests.csproj", "{8A4A3892-2EE2-4CF4-A26F-753A86656A05}"
EndProject
Project("{FAE04EC0-301F-11D3-BF4B-00C04F79EFBC}") = "BrickPile.Docs", "BrickPile.Docs\BrickPile.Docs.csproj", "{BD11B4D2-874A-406F-9646-B7CE7382C0B8}"
EndProject
Project("{FAE04EC0-301F-11D3-BF4B-00C04F79EFBC}") = "BrickPile.FileSystem.AmazonS3", "BrickPile.FileSystem.AmazonS3\BrickPile.FileSystem.AmazonS3.csproj", "{ED504457-C561-4F99-8A2C-F92ECF30BEB1}"
EndProject
Project("{FAE04EC0-301F-11D3-BF4B-00C04F79EFBC}") = "BrickPile.UI", "BrickPile.Sample\Areas\UI\BrickPile.UI.csproj", "{80B0D647-4F56-49E2-9540-E9100F8C04F1}"
EndProject
Project("{FAE04EC0-301F-11D3-BF4B-00C04F79EFBC}") = "BrickPile.Sample", "BrickPile.Sample\BrickPile.Sample.csproj", "{0BB57172-DA2A-45D2-823F-C360E39D568F}"
EndProject
Project("{2150E333-8FDC-42A3-9474-1A3956D46DE8}") = ".nuget", ".nuget", "{40034A3F-D988-4072-85DA-F50AD614181B}"
	ProjectSection(SolutionItems) = preProject
		.nuget\NuGet.Config = .nuget\NuGet.Config
		.nuget\NuGet.exe = .nuget\NuGet.exe
		.nuget\NuGet.targets = .nuget\NuGet.targets
	EndProjectSection
EndProject
Global
	GlobalSection(SolutionConfigurationPlatforms) = preSolution
		Debug|Any CPU = Debug|Any CPU
		Dev|Any CPU = Dev|Any CPU
		Release|Any CPU = Release|Any CPU
	EndGlobalSection
	GlobalSection(ProjectConfigurationPlatforms) = postSolution
		{6D6BC9A5-DA23-402F-AFED-6B72BF8EAD58}.Debug|Any CPU.ActiveCfg = Debug|Any CPU
		{6D6BC9A5-DA23-402F-AFED-6B72BF8EAD58}.Debug|Any CPU.Build.0 = Debug|Any CPU
		{6D6BC9A5-DA23-402F-AFED-6B72BF8EAD58}.Dev|Any CPU.ActiveCfg = Dev|Any CPU
		{6D6BC9A5-DA23-402F-AFED-6B72BF8EAD58}.Dev|Any CPU.Build.0 = Dev|Any CPU
		{6D6BC9A5-DA23-402F-AFED-6B72BF8EAD58}.Release|Any CPU.ActiveCfg = Release|Any CPU
		{6D6BC9A5-DA23-402F-AFED-6B72BF8EAD58}.Release|Any CPU.Build.0 = Release|Any CPU
		{827F415E-59D8-4F6A-B47A-1F345A790F5E}.Debug|Any CPU.ActiveCfg = Debug|Any CPU
		{827F415E-59D8-4F6A-B47A-1F345A790F5E}.Debug|Any CPU.Build.0 = Debug|Any CPU
		{827F415E-59D8-4F6A-B47A-1F345A790F5E}.Dev|Any CPU.ActiveCfg = Dev|Any CPU
		{827F415E-59D8-4F6A-B47A-1F345A790F5E}.Dev|Any CPU.Build.0 = Dev|Any CPU
		{827F415E-59D8-4F6A-B47A-1F345A790F5E}.Release|Any CPU.ActiveCfg = Release|Any CPU
		{827F415E-59D8-4F6A-B47A-1F345A790F5E}.Release|Any CPU.Build.0 = Release|Any CPU
		{8A4A3892-2EE2-4CF4-A26F-753A86656A05}.Debug|Any CPU.ActiveCfg = Debug|Any CPU
		{8A4A3892-2EE2-4CF4-A26F-753A86656A05}.Debug|Any CPU.Build.0 = Debug|Any CPU
		{8A4A3892-2EE2-4CF4-A26F-753A86656A05}.Dev|Any CPU.ActiveCfg = Dev|Any CPU
		{8A4A3892-2EE2-4CF4-A26F-753A86656A05}.Dev|Any CPU.Build.0 = Dev|Any CPU
		{8A4A3892-2EE2-4CF4-A26F-753A86656A05}.Release|Any CPU.ActiveCfg = Release|Any CPU
		{8A4A3892-2EE2-4CF4-A26F-753A86656A05}.Release|Any CPU.Build.0 = Release|Any CPU
		{BD11B4D2-874A-406F-9646-B7CE7382C0B8}.Debug|Any CPU.ActiveCfg = Debug|Any CPU
		{BD11B4D2-874A-406F-9646-B7CE7382C0B8}.Debug|Any CPU.Build.0 = Debug|Any CPU
		{BD11B4D2-874A-406F-9646-B7CE7382C0B8}.Dev|Any CPU.ActiveCfg = Dev|Any CPU
		{BD11B4D2-874A-406F-9646-B7CE7382C0B8}.Dev|Any CPU.Build.0 = Dev|Any CPU
		{BD11B4D2-874A-406F-9646-B7CE7382C0B8}.Release|Any CPU.ActiveCfg = Release|Any CPU
		{BD11B4D2-874A-406F-9646-B7CE7382C0B8}.Release|Any CPU.Build.0 = Release|Any CPU
		{ED504457-C561-4F99-8A2C-F92ECF30BEB1}.Debug|Any CPU.ActiveCfg = Debug|Any CPU
		{ED504457-C561-4F99-8A2C-F92ECF30BEB1}.Debug|Any CPU.Build.0 = Debug|Any CPU
		{ED504457-C561-4F99-8A2C-F92ECF30BEB1}.Dev|Any CPU.ActiveCfg = Debug|Any CPU
		{ED504457-C561-4F99-8A2C-F92ECF30BEB1}.Dev|Any CPU.Build.0 = Debug|Any CPU
		{ED504457-C561-4F99-8A2C-F92ECF30BEB1}.Release|Any CPU.ActiveCfg = Release|Any CPU
		{ED504457-C561-4F99-8A2C-F92ECF30BEB1}.Release|Any CPU.Build.0 = Release|Any CPU
		{80B0D647-4F56-49E2-9540-E9100F8C04F1}.Debug|Any CPU.ActiveCfg = Debug|Any CPU
		{80B0D647-4F56-49E2-9540-E9100F8C04F1}.Debug|Any CPU.Build.0 = Debug|Any CPU
		{80B0D647-4F56-49E2-9540-E9100F8C04F1}.Dev|Any CPU.ActiveCfg = Debug|Any CPU
		{80B0D647-4F56-49E2-9540-E9100F8C04F1}.Dev|Any CPU.Build.0 = Debug|Any CPU
		{80B0D647-4F56-49E2-9540-E9100F8C04F1}.Release|Any CPU.ActiveCfg = Release|Any CPU
		{80B0D647-4F56-49E2-9540-E9100F8C04F1}.Release|Any CPU.Build.0 = Release|Any CPU
		{0BB57172-DA2A-45D2-823F-C360E39D568F}.Debug|Any CPU.ActiveCfg = Debug|Any CPU
		{0BB57172-DA2A-45D2-823F-C360E39D568F}.Debug|Any CPU.Build.0 = Debug|Any CPU
		{0BB57172-DA2A-45D2-823F-C360E39D568F}.Dev|Any CPU.ActiveCfg = Debug|Any CPU
		{0BB57172-DA2A-45D2-823F-C360E39D568F}.Dev|Any CPU.Build.0 = Debug|Any CPU
		{0BB57172-DA2A-45D2-823F-C360E39D568F}.Release|Any CPU.ActiveCfg = Release|Any CPU
		{0BB57172-DA2A-45D2-823F-C360E39D568F}.Release|Any CPU.Build.0 = Release|Any CPU
	EndGlobalSection
	GlobalSection(SolutionProperties) = preSolution
		HideSolutionNode = FALSE
	EndGlobalSection
	GlobalSection(NestedProjects) = preSolution
		{80B0D647-4F56-49E2-9540-E9100F8C04F1} = {07100C53-8172-4CA4-86DE-26B5B7DC1D4B}
	EndGlobalSection
EndGlobal
